
Microsoft Visual Studio Solution File, Format Version 12.00
# Visual Studio Version 16
VisualStudioVersion = 16.0.32106.194
MinimumVisualStudioVersion = 10.0.40219.1
Project("{FAE04EC0-301F-11D3-BF4B-00C04F79EFBC}") = "AppMvc5", "AppMvc5\AppMvc5.csproj", "{7E8DF8FE-DFEA-44A0-AA67-478B64DA0582}"
EndProject
Global
	GlobalSection(SolutionConfigurationPlatforms) = preSolution
		Debug|Any CPU = Debug|Any CPU
		Release|Any CPU = Release|Any CPU
	EndGlobalSection
	GlobalSection(ProjectConfigurationPlatforms) = postSolution
		{7E8DF8FE-DFEA-44A0-AA67-478B64DA0582}.Debug|Any CPU.ActiveCfg = Debug|Any CPU
		{7E8DF8FE-DFEA-44A0-AA67-478B64DA0582}.Debug|Any CPU.Build.0 = Debug|Any CPU
		{7E8DF8FE-DFEA-44A0-AA67-478B64DA0582}.Release|Any CPU.ActiveCfg = Release|Any CPU
		{7E8DF8FE-DFEA-44A0-AA67-478B64DA0582}.Release|Any CPU.Build.0 = Release|Any CPU
	EndGlobalSection
	GlobalSection(SolutionProperties) = preSolution
		HideSolutionNode = FALSE
	EndGlobalSection
	GlobalSection(ExtensibilityGlobals) = postSolution
		SolutionGuid = {001C94DA-2B76-4930-996B-5EDD8E9F2A95}
	EndGlobalSection
EndGlobal
